
Microsoft Visual Studio Solution File, Format Version 12.00
# Visual Studio Version 17
VisualStudioVersion = 17.0.31919.166
MinimumVisualStudioVersion = 10.0.40219.1
Project("{FAE04EC0-301F-11D3-BF4B-00C04F79EFBC}") = "Asynchrony", "Asynchrony\Asynchrony.csproj", "{6FBA878C-5607-4B9D-80C0-22F0E2B970BF}"
EndProject
Global
	GlobalSection(SolutionConfigurationPlatforms) = preSolution
		Debug|Any CPU = Debug|Any CPU
		Release|Any CPU = Release|Any CPU
	EndGlobalSection
	GlobalSection(ProjectConfigurationPlatforms) = postSolution
		{6FBA878C-5607-4B9D-80C0-22F0E2B970BF}.Debug|Any CPU.ActiveCfg = Debug|Any CPU
		{6FBA878C-5607-4B9D-80C0-22F0E2B970BF}.Debug|Any CPU.Build.0 = Debug|Any CPU
		{6FBA878C-5607-4B9D-80C0-22F0E2B970BF}.Release|Any CPU.ActiveCfg = Release|Any CPU
		{6FBA878C-5607-4B9D-80C0-22F0E2B970BF}.Release|Any CPU.Build.0 = Release|Any CPU
	EndGlobalSection
	GlobalSection(SolutionProperties) = preSolution
		HideSolutionNode = FALSE
	EndGlobalSection
	GlobalSection(ExtensibilityGlobals) = postSolution
		SolutionGuid = {054F3002-768B-419D-B617-15F79A3FCB0F}
	EndGlobalSection
EndGlobal
